
Microsoft Visual Studio Solution File, Format Version 12.00
# Visual Studio Version 17
VisualStudioVersion = 17.14.36327.8 d17.14
MinimumVisualStudioVersion = 10.0.40219.1
Project("{FAE04EC0-301F-11D3-BF4B-00C04F79EFBC}") = "ClassMapProg2Task1", "ClassMapProg2Task1.csproj", "{49C487C2-7B23-4B4A-9079-76E57821D1FB}"
EndProject
Global
	GlobalSection(SolutionConfigurationPlatforms) = preSolution
		Debug|Any CPU = Debug|Any CPU
		Release|Any CPU = Release|Any CPU
	EndGlobalSection
	GlobalSection(ProjectConfigurationPlatforms) = postSolution
		{49C487C2-7B23-4B4A-9079-76E57821D1FB}.Debug|Any CPU.ActiveCfg = Debug|Any CPU
		{49C487C2-7B23-4B4A-9079-76E57821D1FB}.Debug|Any CPU.Build.0 = Debug|Any CPU
		{49C487C2-7B23-4B4A-9079-76E57821D1FB}.Release|Any CPU.ActiveCfg = Release|Any CPU
		{49C487C2-7B23-4B4A-9079-76E57821D1FB}.Release|Any CPU.Build.0 = Release|Any CPU
	EndGlobalSection
	GlobalSection(SolutionProperties) = preSolution
		HideSolutionNode = FALSE
	EndGlobalSection
	GlobalSection(ExtensibilityGlobals) = postSolution
		SolutionGuid = {78F0F67C-9990-4989-BC4C-B1DC079F8DD3}
	EndGlobalSection
EndGlobal
